github.com/aaa2ppp/be v0.0.0-20250921233015-47a341af14ef h1:C3i0hhXHa9iPFzW3aV6QkVvmPxPd0uXw1oz6+y80HBg=
github.com/aaa2ppp/be v0.0.0-20250921233015-47a341af14ef/go.mod h1:JuLDLUfFCpiCnmv2AIpNP/fGgyKpYV5heJxwVB2vZII=
github.com/jung-kurt/gofpdf/v2 v2.17.3 h1:otZXZby2gXJ7uU6pzprXHq/R57lsHLi0WtH79VabWxY=
github.com/jung-kurt/gofpdf/v2 v2.17.3/go.mod h1:Qx8ZNg4cNsO5i6uLDiBngnm+ii/FjtAqjRNO6drsoYU=
